
Microsoft Visual Studio Solution File, Format Version 12.00
# Visual Studio 2017
Project("{FAE04EC0-301F-11D3-BF4B-00C04F79EFBC}") = "maze Oculus", "maze Oculus.csproj", "{DD95D1E0-B0DF-DED2-2BCA-FBAB8678881B}"
EndProject
Project("{FAE04EC0-301F-11D3-BF4B-00C04F79EFBC}") = "maze Oculus.Editor", "maze Oculus.Editor.csproj", "{2F51C3AC-5052-6489-8000-718644E3037F}"
EndProject
Project("{FAE04EC0-301F-11D3-BF4B-00C04F79EFBC}") = "maze Oculus.Editor", "maze Oculus.Editor.csproj", "{2F51C3AC-5052-6489-8000-718644E3037F}"
EndProject
Project("{FAE04EC0-301F-11D3-BF4B-00C04F79EFBC}") = "maze Oculus.Editor", "maze Oculus.Editor.csproj", "{2F51C3AC-5052-6489-8000-718644E3037F}"
EndProject
Global
	GlobalSection(SolutionConfigurationPlatforms) = preSolution
		Debug|Any CPU = Debug|Any CPU
		Release|Any CPU = Release|Any CPU
	EndGlobalSection
	GlobalSection(ProjectConfigurationPlatforms) = postSolution
		{DD95D1E0-B0DF-DED2-2BCA-FBAB8678881B}.Debug|Any CPU.ActiveCfg = Debug|Any CPU
		{DD95D1E0-B0DF-DED2-2BCA-FBAB8678881B}.Debug|Any CPU.Build.0 = Debug|Any CPU
		{DD95D1E0-B0DF-DED2-2BCA-FBAB8678881B}.Release|Any CPU.ActiveCfg = Release|Any CPU
		{DD95D1E0-B0DF-DED2-2BCA-FBAB8678881B}.Release|Any CPU.Build.0 = Release|Any CPU
		{2F51C3AC-5052-6489-8000-718644E3037F}.Debug|Any CPU.ActiveCfg = Debug|Any CPU
		{2F51C3AC-5052-6489-8000-718644E3037F}.Debug|Any CPU.Build.0 = Debug|Any CPU
		{2F51C3AC-5052-6489-8000-718644E3037F}.Release|Any CPU.ActiveCfg = Release|Any CPU
		{2F51C3AC-5052-6489-8000-718644E3037F}.Release|Any CPU.Build.0 = Release|Any CPU
		{2F51C3AC-5052-6489-8000-718644E3037F}.Debug|Any CPU.ActiveCfg = Debug|Any CPU
		{2F51C3AC-5052-6489-8000-718644E3037F}.Debug|Any CPU.Build.0 = Debug|Any CPU
		{2F51C3AC-5052-6489-8000-718644E3037F}.Release|Any CPU.ActiveCfg = Release|Any CPU
		{2F51C3AC-5052-6489-8000-718644E3037F}.Release|Any CPU.Build.0 = Release|Any CPU
		{2F51C3AC-5052-6489-8000-718644E3037F}.Debug|Any CPU.ActiveCfg = Debug|Any CPU
		{2F51C3AC-5052-6489-8000-718644E3037F}.Debug|Any CPU.Build.0 = Debug|Any CPU
		{2F51C3AC-5052-6489-8000-718644E3037F}.Release|Any CPU.ActiveCfg = Release|Any CPU
		{2F51C3AC-5052-6489-8000-718644E3037F}.Release|Any CPU.Build.0 = Release|Any CPU
	EndGlobalSection
	GlobalSection(SolutionProperties) = preSolution
		HideSolutionNode = FALSE
	EndGlobalSection
EndGlobal
